
Microsoft Visual Studio Solution File, Format Version 12.00
# Visual Studio 14
VisualStudioVersion = 14.0.25420.1
MinimumVisualStudioVersion = 10.0.40219.1
Project("{FAE04EC0-301F-11D3-BF4B-00C04F79EFBC}") = "EdFi.ApiLoader.Console", "EdFi.ApiLoader.Console\EdFi.ApiLoader.Console.csproj", "{653A0D4C-9972-4247-BA47-BB44C86F6C66}"
EndProject
Project("{FAE04EC0-301F-11D3-BF4B-00C04F79EFBC}") = "EdFi.LoadTools.Test", "EdFi.LoadTools.Test\EdFi.LoadTools.Test.csproj", "{19033DEE-B743-4611-9DBF-47700C084073}"
EndProject
Project("{FAE04EC0-301F-11D3-BF4B-00C04F79EFBC}") = "EdFi.LoadTools", "EdFi.LoadTools\EdFi.LoadTools.csproj", "{DE1E614A-422F-4109-AEA9-6E4D2982E182}"
EndProject
Global
	GlobalSection(SolutionConfigurationPlatforms) = preSolution
		AzureDev|Any CPU = AzureDev|Any CPU
		AzureDev|x64 = AzureDev|x64
		AzureProd|Any CPU = AzureProd|Any CPU
		AzureProd|x64 = AzureProd|x64
		AzureTest|Any CPU = AzureTest|Any CPU
		AzureTest|x64 = AzureTest|x64
		Debug|Any CPU = Debug|Any CPU
		Debug|x64 = Debug|x64
		LocalMinimal|Any CPU = LocalMinimal|Any CPU
		LocalMinimal|x64 = LocalMinimal|x64
		LocalTest|Any CPU = LocalTest|Any CPU
		LocalTest|x64 = LocalTest|x64
		LocalUiTest|Any CPU = LocalUiTest|Any CPU
		LocalUiTest|x64 = LocalUiTest|x64
		Release|Any CPU = Release|Any CPU
		Release|x64 = Release|x64
	EndGlobalSection
	GlobalSection(ProjectConfigurationPlatforms) = postSolution
		{653A0D4C-9972-4247-BA47-BB44C86F6C66}.AzureDev|Any CPU.ActiveCfg = Release|Any CPU
		{653A0D4C-9972-4247-BA47-BB44C86F6C66}.AzureDev|Any CPU.Build.0 = Release|Any CPU
		{653A0D4C-9972-4247-BA47-BB44C86F6C66}.AzureDev|x64.ActiveCfg = Release|x64
		{653A0D4C-9972-4247-BA47-BB44C86F6C66}.AzureDev|x64.Build.0 = Release|x64
		{653A0D4C-9972-4247-BA47-BB44C86F6C66}.AzureProd|Any CPU.ActiveCfg = Release|Any CPU
		{653A0D4C-9972-4247-BA47-BB44C86F6C66}.AzureProd|Any CPU.Build.0 = Release|Any CPU
		{653A0D4C-9972-4247-BA47-BB44C86F6C66}.AzureProd|x64.ActiveCfg = Release|x64
		{653A0D4C-9972-4247-BA47-BB44C86F6C66}.AzureProd|x64.Build.0 = Release|x64
		{653A0D4C-9972-4247-BA47-BB44C86F6C66}.AzureTest|Any CPU.ActiveCfg = Release|Any CPU
		{653A0D4C-9972-4247-BA47-BB44C86F6C66}.AzureTest|Any CPU.Build.0 = Release|Any CPU
		{653A0D4C-9972-4247-BA47-BB44C86F6C66}.AzureTest|x64.ActiveCfg = Release|x64
		{653A0D4C-9972-4247-BA47-BB44C86F6C66}.AzureTest|x64.Build.0 = Release|x64
		{653A0D4C-9972-4247-BA47-BB44C86F6C66}.Debug|Any CPU.ActiveCfg = Debug|Any CPU
		{653A0D4C-9972-4247-BA47-BB44C86F6C66}.Debug|Any CPU.Build.0 = Debug|Any CPU
		{653A0D4C-9972-4247-BA47-BB44C86F6C66}.Debug|x64.ActiveCfg = Debug|x64
		{653A0D4C-9972-4247-BA47-BB44C86F6C66}.Debug|x64.Build.0 = Debug|x64
		{653A0D4C-9972-4247-BA47-BB44C86F6C66}.LocalMinimal|Any CPU.ActiveCfg = Release|Any CPU
		{653A0D4C-9972-4247-BA47-BB44C86F6C66}.LocalMinimal|Any CPU.Build.0 = Release|Any CPU
		{653A0D4C-9972-4247-BA47-BB44C86F6C66}.LocalMinimal|x64.ActiveCfg = Release|x64
		{653A0D4C-9972-4247-BA47-BB44C86F6C66}.LocalMinimal|x64.Build.0 = Release|x64
		{653A0D4C-9972-4247-BA47-BB44C86F6C66}.LocalTest|Any CPU.ActiveCfg = Release|Any CPU
		{653A0D4C-9972-4247-BA47-BB44C86F6C66}.LocalTest|Any CPU.Build.0 = Release|Any CPU
		{653A0D4C-9972-4247-BA47-BB44C86F6C66}.LocalTest|x64.ActiveCfg = Release|x64
		{653A0D4C-9972-4247-BA47-BB44C86F6C66}.LocalTest|x64.Build.0 = Release|x64
		{653A0D4C-9972-4247-BA47-BB44C86F6C66}.LocalUiTest|Any CPU.ActiveCfg = Release|Any CPU
		{653A0D4C-9972-4247-BA47-BB44C86F6C66}.LocalUiTest|Any CPU.Build.0 = Release|Any CPU
		{653A0D4C-9972-4247-BA47-BB44C86F6C66}.LocalUiTest|x64.ActiveCfg = Release|x64
		{653A0D4C-9972-4247-BA47-BB44C86F6C66}.LocalUiTest|x64.Build.0 = Release|x64
		{653A0D4C-9972-4247-BA47-BB44C86F6C66}.Release|Any CPU.ActiveCfg = Release|Any CPU
		{653A0D4C-9972-4247-BA47-BB44C86F6C66}.Release|Any CPU.Build.0 = Release|Any CPU
		{653A0D4C-9972-4247-BA47-BB44C86F6C66}.Release|x64.ActiveCfg = Release|x64
		{653A0D4C-9972-4247-BA47-BB44C86F6C66}.Release|x64.Build.0 = Release|x64
		{19033DEE-B743-4611-9DBF-47700C084073}.AzureDev|Any CPU.ActiveCfg = Release|Any CPU
		{19033DEE-B743-4611-9DBF-47700C084073}.AzureDev|Any CPU.Build.0 = Release|Any CPU
		{19033DEE-B743-4611-9DBF-47700C084073}.AzureDev|x64.ActiveCfg = Release|x64
		{19033DEE-B743-4611-9DBF-47700C084073}.AzureDev|x64.Build.0 = Release|x64
		{19033DEE-B743-4611-9DBF-47700C084073}.AzureProd|Any CPU.ActiveCfg = Release|Any CPU
		{19033DEE-B743-4611-9DBF-47700C084073}.AzureProd|Any CPU.Build.0 = Release|Any CPU
		{19033DEE-B743-4611-9DBF-47700C084073}.AzureProd|x64.ActiveCfg = Release|x64
		{19033DEE-B743-4611-9DBF-47700C084073}.AzureProd|x64.Build.0 = Release|x64
		{19033DEE-B743-4611-9DBF-47700C084073}.AzureTest|Any CPU.ActiveCfg = Release|Any CPU
		{19033DEE-B743-4611-9DBF-47700C084073}.AzureTest|Any CPU.Build.0 = Release|Any CPU
		{19033DEE-B743-4611-9DBF-47700C084073}.AzureTest|x64.ActiveCfg = Release|x64
		{19033DEE-B743-4611-9DBF-47700C084073}.AzureTest|x64.Build.0 = Release|x64
		{19033DEE-B743-4611-9DBF-47700C084073}.Debug|Any CPU.ActiveCfg = Debug|Any CPU
		{19033DEE-B743-4611-9DBF-47700C084073}.Debug|Any CPU.Build.0 = Debug|Any CPU
		{19033DEE-B743-4611-9DBF-47700C084073}.Debug|x64.ActiveCfg = Debug|x64
		{19033DEE-B743-4611-9DBF-47700C084073}.Debug|x64.Build.0 = Debug|x64
		{19033DEE-B743-4611-9DBF-47700C084073}.LocalMinimal|Any CPU.ActiveCfg = Release|Any CPU
		{19033DEE-B743-4611-9DBF-47700C084073}.LocalMinimal|Any CPU.Build.0 = Release|Any CPU
		{19033DEE-B743-4611-9DBF-47700C084073}.LocalMinimal|x64.ActiveCfg = Release|x64
		{19033DEE-B743-4611-9DBF-47700C084073}.LocalMinimal|x64.Build.0 = Release|x64
		{19033DEE-B743-4611-9DBF-47700C084073}.LocalTest|Any CPU.ActiveCfg = Release|Any CPU
		{19033DEE-B743-4611-9DBF-47700C084073}.LocalTest|Any CPU.Build.0 = Release|Any CPU
		{19033DEE-B743-4611-9DBF-47700C084073}.LocalTest|x64.ActiveCfg = Release|x64
		{19033DEE-B743-4611-9DBF-47700C084073}.LocalTest|x64.Build.0 = Release|x64
		{19033DEE-B743-4611-9DBF-47700C084073}.LocalUiTest|Any CPU.ActiveCfg = Release|Any CPU
		{19033DEE-B743-4611-9DBF-47700C084073}.LocalUiTest|Any CPU.Build.0 = Release|Any CPU
		{19033DEE-B743-4611-9DBF-47700C084073}.LocalUiTest|x64.ActiveCfg = Release|x64
		{19033DEE-B743-4611-9DBF-47700C084073}.LocalUiTest|x64.Build.0 = Release|x64
		{19033DEE-B743-4611-9DBF-47700C084073}.Release|Any CPU.ActiveCfg = Release|Any CPU
		{19033DEE-B743-4611-9DBF-47700C084073}.Release|Any CPU.Build.0 = Release|Any CPU
		{19033DEE-B743-4611-9DBF-47700C084073}.Release|x64.ActiveCfg = Release|x64
		{19033DEE-B743-4611-9DBF-47700C084073}.Release|x64.Build.0 = Release|x64
		{DE1E614A-422F-4109-AEA9-6E4D2982E182}.AzureDev|Any CPU.ActiveCfg = Release|Any CPU
		{DE1E614A-422F-4109-AEA9-6E4D2982E182}.AzureDev|Any CPU.Build.0 = Release|Any CPU
		{DE1E614A-422F-4109-AEA9-6E4D2982E182}.AzureDev|x64.ActiveCfg = Release|x64
		{DE1E614A-422F-4109-AEA9-6E4D2982E182}.AzureDev|x64.Build.0 = Release|x64
		{DE1E614A-422F-4109-AEA9-6E4D2982E182}.AzureProd|Any CPU.ActiveCfg = Release|Any CPU
		{DE1E614A-422F-4109-AEA9-6E4D2982E182}.AzureProd|Any CPU.Build.0 = Release|Any CPU
		{DE1E614A-422F-4109-AEA9-6E4D2982E182}.AzureProd|x64.ActiveCfg = Release|x64
		{DE1E614A-422F-4109-AEA9-6E4D2982E182}.AzureProd|x64.Build.0 = Release|x64
		{DE1E614A-422F-4109-AEA9-6E4D2982E182}.AzureTest|Any CPU.ActiveCfg = Release|Any CPU
		{DE1E614A-422F-4109-AEA9-6E4D2982E182}.AzureTest|Any CPU.Build.0 = Release|Any CPU
		{DE1E614A-422F-4109-AEA9-6E4D2982E182}.AzureTest|x64.ActiveCfg = Release|x64
		{DE1E614A-422F-4109-AEA9-6E4D2982E182}.AzureTest|x64.Build.0 = Release|x64
		{DE1E614A-422F-4109-AEA9-6E4D2982E182}.Debug|Any CPU.ActiveCfg = Debug|Any CPU
		{DE1E614A-422F-4109-AEA9-6E4D2982E182}.Debug|Any CPU.Build.0 = Debug|Any CPU
		{DE1E614A-422F-4109-AEA9-6E4D2982E182}.Debug|x64.ActiveCfg = Debug|x64
		{DE1E614A-422F-4109-AEA9-6E4D2982E182}.Debug|x64.Build.0 = Debug|x64
		{DE1E614A-422F-4109-AEA9-6E4D2982E182}.LocalMinimal|Any CPU.ActiveCfg = Release|Any CPU
		{DE1E614A-422F-4109-AEA9-6E4D2982E182}.LocalMinimal|Any CPU.Build.0 = Release|Any CPU
		{DE1E614A-422F-4109-AEA9-6E4D2982E182}.LocalMinimal|x64.ActiveCfg = Release|x64
		{DE1E614A-422F-4109-AEA9-6E4D2982E182}.LocalMinimal|x64.Build.0 = Release|x64
		{DE1E614A-422F-4109-AEA9-6E4D2982E182}.LocalTest|Any CPU.ActiveCfg = Release|Any CPU
		{DE1E614A-422F-4109-AEA9-6E4D2982E182}.LocalTest|Any CPU.Build.0 = Release|Any CPU
		{DE1E614A-422F-4109-AEA9-6E4D2982E182}.LocalTest|x64.ActiveCfg = Release|x64
		{DE1E614A-422F-4109-AEA9-6E4D2982E182}.LocalTest|x64.Build.0 = Release|x64
		{DE1E614A-422F-4109-AEA9-6E4D2982E182}.LocalUiTest|Any CPU.ActiveCfg = Release|Any CPU
		{DE1E614A-422F-4109-AEA9-6E4D2982E182}.LocalUiTest|Any CPU.Build.0 = Release|Any CPU
		{DE1E614A-422F-4109-AEA9-6E4D2982E182}.LocalUiTest|x64.ActiveCfg = Release|x64
		{DE1E614A-422F-4109-AEA9-6E4D2982E182}.LocalUiTest|x64.Build.0 = Release|x64
		{DE1E614A-422F-4109-AEA9-6E4D2982E182}.Release|Any CPU.ActiveCfg = Release|Any CPU
		{DE1E614A-422F-4109-AEA9-6E4D2982E182}.Release|Any CPU.Build.0 = Release|Any CPU
		{DE1E614A-422F-4109-AEA9-6E4D2982E182}.Release|x64.ActiveCfg = Release|x64
		{DE1E614A-422F-4109-AEA9-6E4D2982E182}.Release|x64.Build.0 = Release|x64
	EndGlobalSection
	GlobalSection(SolutionProperties) = preSolution
		HideSolutionNode = FALSE
	EndGlobalSection
EndGlobal
